// !$*UTF8*$!
{
	archiveVersion = 1;
	classes = {
	};
	objectVersion = 46;
	objects = {

/* Begin PBXBuildFile section */
		04540A4C1F99132F00025121 /* AppDelegate.swift in Sources */ = {isa = PBXBuildFile; fileRef = 04540A4B1F99132F00025121 /* AppDelegate.swift */; };
		04540A4E1F99132F00025121 /* ViewController.swift in Sources */ = {isa = PBXBuildFile; fileRef = 04540A4D1F99132F00025121 /* ViewController.swift */; };
		04540A511F99132F00025121 /* Main.storyboard in Resources */ = {isa = PBXBuildFile; fileRef = 04540A4F1F99132F00025121 /* Main.storyboard */; };
		04540A531F99132F00025121 /* Assets.xcassets in Resources */ = {isa = PBXBuildFile; fileRef = 04540A521F99132F00025121 /* Assets.xcassets */; };
		04540A561F99132F00025121 /* LaunchScreen.storyboard in Resources */ = {isa = PBXBuildFile; fileRef = 04540A541F99132F00025121 /* LaunchScreen.storyboard */; };
/* End PBXBuildFile section */

/* Begin PBXFileReference section */
		04540A481F99132F00025121 /* Midterm_Israel_Quinonez.app */ = {isa = PBXFileReference; explicitFileType = wrapper.application; includeInIndex = 0; path = Midterm_Israel_Quinonez.app; sourceTree = BUILT_PRODUCTS_DIR; };
		04540A4B1F99132F00025121 /* AppDelegate.swift */ = {isa = PBXFileReference; lastKnownFileType = sourcecode.swift; path = AppDelegate.swift; sourceTree = "<group>"; };
		04540A4D1F99132F00025121 /* ViewController.swift */ = {isa = PBXFileReference; lastKnownFileType = sourcecode.swift; path = ViewController.swift; sourceTree = "<group>"; };
		04540A501F99132F00025121 /* Base */ = {isa = PBXFileReference; lastKnownFileType = file.storyboard; name = Base; path = Base.lproj/Main.storyboard; sourceTree = "<group>"; };
		04540A521F99132F00025121 /* Assets.xcassets */ = {isa = PBXFileReference; lastKnownFileType = folder.assetcatalog; path = Assets.xcassets; sourceTree = "<group>"; };
		04540A551F99132F00025121 /* Base */ = {isa = PBXFileReference; lastKnownFileType = file.storyboard; name = Base; path = Base.lproj/LaunchScreen.storyboard; sourceTree = "<group>"; };
		04540A571F99132F00025121 /* Info.plist */ = {isa = PBXFileReference; lastKnownFileType = text.plist.xml; path = Info.plist; sourceTree = "<group>"; };
/* End PBXFileReference section */

/* Begin PBXFrameworksBuildPhase section */
		04540A451F99132F00025121 /* Frameworks */ = {
			isa = PBXFrameworksBuildPhase;
			buildActionMask = 2147483647;
			files = (
			);
			runOnlyForDeploymentPostprocessing = 0;
		};
/* End PBXFrameworksBuildPhase section */

/* Begin PBXGroup section */
		04540A3F1F99132F00025121 = {
			isa = PBXGroup;
			children = (
				04540A4A1F99132F00025121 /* Midterm_Israel_Quinonez */,
				04540A491F99132F00025121 /* Products */,
			);
			sourceTree = "<group>";
		};
		04540A491F99132F00025121 /* Products */ = {
			isa = PBXGroup;
			children = (
				04540A481F99132F00025121 /* Midterm_Israel_Quinonez.app */,
			);
			name = Products;
			sourceTree = "<group>";
		};
		04540A4A1F99132F00025121 /* Midterm_Israel_Quinonez */ = {
			isa = PBXGroup;
			children = (
				04540A4B1F99132F00025121 /* AppDelegate.swift */,
				04540A4D1F99132F00025121 /* ViewController.swift */,
				04540A4F1F99132F00025121 /* Main.storyboard */,
				04540A521F99132F00025121 /* Assets.xcassets */,
				04540A541F99132F00025121 /* LaunchScreen.storyboard */,
				04540A571F99132F00025121 /* Info.plist */,
			);
			path = Midterm_Israel_Quinonez;
			sourceTree = "<group>";
		};
/* End PBXGroup section */

/* Begin PBXNativeTarget section */
		04540A471F99132F00025121 /* Midterm_Israel_Quinonez */ = {
			isa = PBXNativeTarget;
			buildConfigurationList = 04540A5A1F99132F00025121 /* Build configuration list for PBXNativeTarget "Midterm_Israel_Quinonez" */;
			buildPhases = (
				04540A441F99132F00025121 /* Sources */,
				04540A451F99132F00025121 /* Frameworks */,
				04540A461F99132F00025121 /* Resources */,
			);
			buildRules = (
			);
			dependencies = (
			);
			name = Midterm_Israel_Quinonez;
			productName = Midterm_Israel_Quinonez;
			productReference = 04540A481F99132F00025121 /* Midterm_Israel_Quinonez.app */;
			productType = "com.apple.product-type.application";
		};
/* End PBXNativeTarget section */

/* Begin PBXProject section */
		04540A401F99132F00025121 /* Project object */ = {
			isa = PBXProject;
			attributes = {
				LastSwiftUpdateCheck = 0830;
				LastUpgradeCheck = 0830;
				ORGANIZATIONNAME = "Israel Quinonez";
				TargetAttributes = {
					04540A471F99132F00025121 = {
						CreatedOnToolsVersion = 8.3.3;
						ProvisioningStyle = Automatic;
					};
				};
			};
			buildConfigurationList = 04540A431F99132F00025121 /* Build configuration list for PBXProject "Midterm_Israel_Quinonez" */;
			compatibilityVersion = "Xcode 3.2";
			developmentRegion = English;
			hasScannedForEncodings = 0;
			knownRegions = (
				en,
				Base,
			);
			mainGroup = 04540A3F1F99132F00025121;
			productRefGroup = 04540A491F99132F00025121 /* Products */;
			projectDirPath = "";
			projectRoot = "";
			targets = (
				04540A471F99132F00025121 /* Midterm_Israel_Quinonez */,
			);
		};
/* End PBXProject section */

/* Begin PBXResourcesBuildPhase section */
		04540A461F99132F00025121 /* Resources */ = {
			isa = PBXResourcesBuildPhase;
			buildActionMask = 2147483647;
			files = (
				04540A561F99132F00025121 /* LaunchScreen.storyboard in Resources */,
				04540A531F99132F00025121 /* Assets.xcassets in Resources */,
				04540A511F99132F00025121 /* Main.storyboard in Resources */,
			);
			runOnlyForDeploymentPostprocessing = 0;
		};
/* End PBXResourcesBuildPhase section */

/* Begin PBXSourcesBuildPhase section */
		04540A441F99132F00025121 /* Sources */ = {
			isa = PBXSourcesBuildPhase;
			buildActionMask = 2147483647;
			files = (
				04540A4E1F99132F00025121 /* ViewController.swift in Sources */,
				04540A4C1F99132F00025121 /* AppDelegate.swift in Sources */,
			);
			runOnlyForDeploymentPostprocessing = 0;
		};
/* End PBXSourcesBuildPhase section */

/* Begin PBXVariantGroup section */
		04540A4F1F99132F00025121 /* Main.storyboard */ = {
			isa = PBXVariantGroup;
			children = (
				04540A501F99132F00025121 /* Base */,
			);
			name = Main.storyboard;
			sourceTree = "<group>";
		};
		04540A541F99132F00025121 /* LaunchScreen.storyboard */ = {
			isa = PBXVariantGroup;
			children = (
				04540A551F99132F00025121 /* Base */,
			);
			name = LaunchScreen.storyboard;
			sourceTree = "<group>";
		};
/* End PBXVariantGroup section */

/* Begin XCBuildConfiguration section */
		04540A581F99132F00025121 /* Debug */ = {
			isa = XCBuildConfiguration;
			buildSettings = {
				ALWAYS_SEARCH_USER_PATHS = NO;
				CLANG_ANALYZER_NONNULL = YES;
				CLANG_ANALYZER_NUMBER_OBJECT_CONVERSION = YES_AGGRESSIVE;
				CLANG_CXX_LANGUAGE_STANDARD = "gnu++0x";
				CLANG_CXX_LIBRARY = "libc++";
				CLANG_ENABLE_MODULES = YES;
				CLANG_ENABLE_OBJC_ARC = YES;
				CLANG_WARN_BOOL_CONVERSION = YES;
				CLANG_WARN_CONSTANT_CONVERSION = YES;
				CLANG_WARN_DIRECT_OBJC_ISA_USAGE = YES_ERROR;
				CLANG_WARN_DOCUMENTATION_COMMENTS = YES;
				CLANG_WARN_EMPTY_BODY = YES;
				CLANG_WARN_ENUM_CONVERSION = YES;
				CLANG_WARN_INFINITE_RECURSION = YES;
				CLANG_WARN_INT_CONVERSION = YES;
				CLANG_WARN_OBJC_ROOT_CLASS = YES_ERROR;
				CLANG_WARN_SUSPICIOUS_MOVE = YES;
				CLANG_WARN_UNREACHABLE_CODE = YES;
				CLANG_WARN__DUPLICATE_METHOD_MATCH = YES;
				"CODE_SIGN_IDENTITY[sdk=iphoneos*]" = "iPhone Developer";
				COPY_PHASE_STRIP = NO;
				DEBUG_INFORMATION_FORMAT = dwarf;
				ENABLE_STRICT_OBJC_MSGSEND = YES;
				ENABLE_TESTABILITY = YES;
				GCC_C_LANGUAGE_STANDARD = gnu99;
				GCC_DYNAMIC_NO_PIC = NO;
				GCC_NO_COMMON_BLOCKS = YES;
				GCC_OPTIMIZATION_LEVEL = 0;
				GCC_PREPROCESSOR_DEFINITIONS = (
					"DEBUG=1",
					"$(inherited)",
				);
				GCC_WARN_64_TO_32_BIT_CONVERSION = YES;
				GCC_WARN_ABOUT_RETURN_TYPE = YES_ERROR;
				GCC_WARN_UNDECLARED_SELECTOR = YES;
				GCC_WARN_UNINITIALIZED_AUTOS = YES_AGGRESSIVE;
				GCC_WARN_UNUSED_FUNCTION = YES;
				GCC_WARN_UNUSED_VARIABLE = YES;
				IPHONEOS_DEPLOYMENT_TARGET = 10.3;
				MTL_ENABLE_DEBUG_INFO = YES;
				ONLY_ACTIVE_ARCH = YES;
				SDKROOT = iphoneos;
				SWIFT_ACTIVE_COMPILATION_CONDITIONS = DEBUG;
				SWIFT_OPTIMIZATION_LEVEL = "-Onone";
			};
			name = Debug;
		};
		04540A591F99132F00025121 /* Release */ = {
			isa = XCBuildConfiguration;
			buildSettings = {
				ALWAYS_SEARCH_USER_PATHS = NO;
				CLANG_ANALYZER_NONNULL = YES;
				CLANG_ANALYZER_NUMBER_OBJECT_CONVERSION = YES_AGGRESSIVE;
				CLANG_CXX_LANGUAGE_STANDARD = "gnu++0x";
				CLANG_CXX_LIBRARY = "libc++";
				CLANG_ENABLE_MODULES = YES;
				CLANG_ENABLE_OBJC_ARC = YES;
				CLANG_WARN_BOOL_CONVERSION = YES;
				CLANG_WARN_CONSTANT_CONVERSION = YES;
				CLANG_WARN_DIRECT_OBJC_ISA_USAGE = YES_ERROR;
				CLANG_WARN_DOCUMENTATION_COMMENTS = YES;
				CLANG_WARN_EMPTY_BODY = YES;
				CLANG_WARN_ENUM_CONVERSION = YES;
				CLANG_WARN_INFINITE_RECURSION = YES;
				CLANG_WARN_INT_CONVERSION = YES;
				CLANG_WARN_OBJC_ROOT_CLASS = YES_ERROR;
				CLANG_WARN_SUSPICIOUS_MOVE = YES;
				CLANG_WARN_UNREACHABLE_CODE = YES;
				CLANG_WARN__DUPLICATE_METHOD_MATCH = YES;
				"CODE_SIGN_IDENTITY[sdk=iphoneos*]" = "iPhone Developer";
				COPY_PHASE_STRIP = NO;
				DEBUG_INFORMATION_FORMAT = "dwarf-with-dsym";
				ENABLE_NS_ASSERTIONS = NO;
				ENABLE_STRICT_OBJC_MSGSEND = YES;
				GCC_C_LANGUAGE_STANDARD = gnu99;
				GCC_NO_COMMON_BLOCKS = YES;
				GCC_WARN_64_TO_32_BIT_CONVERSION = YES;
				GCC_WARN_ABOUT_RETURN_TYPE = YES_ERROR;
				GCC_WARN_UNDECLARED_SELECTOR = YES;
				GCC_WARN_UNINITIALIZED_AUTOS = YES_AGGRESSIVE;
				GCC_WARN_UNUSED_FUNCTION = YES;
				GCC_WARN_UNUSED_VARIABLE = YES;
				IPHONEOS_DEPLOYMENT_TARGET = 10.3;
				MTL_ENABLE_DEBUG_INFO = NO;
				SDKROOT = iphoneos;
				SWIFT_OPTIMIZATION_LEVEL = "-Owholemodule";
				VALIDATE_PRODUCT = YES;
			};
			name = Release;
		};
		04540A5B1F99132F00025121 /* Debug */ = {
			isa = XCBuildConfiguration;
			buildSettings = {
				ASSETCATALOG_COMPILER_APPICON_NAME = AppIcon;
				INFOPLIST_FILE = Midterm_Israel_Quinonez/Info.plist;
				LD_RUNPATH_SEARCH_PATHS = "$(inherited) @executable_path/Frameworks";
				PRODUCT_BUNDLE_IDENTIFIER = "ATLAS.Midterm-Israel-Quinonez";
				PRODUCT_NAME = "$(TARGET_NAME)";
				SWIFT_VERSION = 3.0;
			};
			name = Debug;
		};
		04540A5C1F99132F00025121 /* Release */ = {
			isa = XCBuildConfiguration;
			buildSettings = {
				ASSETCATALOG_COMPILER_APPICON_NAME = AppIcon;
				INFOPLIST_FILE = Midterm_Israel_Quinonez/Info.plist;
				LD_RUNPATH_SEARCH_PATHS = "$(inherited) @executable_path/Frameworks";
				PRODUCT_BUNDLE_IDENTIFIER = "ATLAS.Midterm-Israel-Quinonez";
				PRODUCT_NAME = "$(TARGET_NAME)";
				SWIFT_VERSION = 3.0;
			};
			name = Release;
		};
/* End XCBuildConfiguration section */

/* Begin XCConfigurationList section */
		04540A431F99132F00025121 /* Build configuration list for PBXProject "Midterm_Israel_Quinonez" */ = {
			isa = XCConfigurationList;
			buildConfigurations = (
				04540A581F99132F00025121 /* Debug */,
				04540A591F99132F00025121 /* Release */,
			);
			defaultConfigurationIsVisible = 0;
			defaultConfigurationName = Release;
		};
		04540A5A1F99132F00025121 /* Build configuration list for PBXNativeTarget "Midterm_Israel_Quinonez" */ = {
			isa = XCConfigurationList;
			buildConfigurations = (
				04540A5B1F99132F00025121 /* Debug */,
				04540A5C1F99132F00025121 /* Release */,
			);
			defaultConfigurationIsVisible = 0;
		};
/* End XCConfigurationList section */
	};
	rootObject = 04540A401F99132F00025121 /* Project object */;
}
